
Microsoft Visual Studio Solution File, Format Version 12.00
# Visual Studio 15
VisualStudioVersion = 15.0.26730.15
MinimumVisualStudioVersion = 10.0.40219.1
Project("{9A19103F-16F7-4668-BE54-9A1E7A4F7556}") = "BibliotecaTDD.Domain", "BibliotecaTDD\BibliotecaTDD.Domain.csproj", "{CECF9AAF-45C9-4E93-8689-8E3C1E661012}"
EndProject
Project("{2150E333-8FDC-42A3-9474-1A3956D46DE8}") = "0 - Domain", "0 - Domain", "{BF5E14F5-CB86-4B15-831C-EC58F232DC58}"
EndProject
Project("{2150E333-8FDC-42A3-9474-1A3956D46DE8}") = "1 - Service", "1 - Service", "{623605F3-ED24-45FD-8BB8-4C33415140C0}"
EndProject
Project("{9A19103F-16F7-4668-BE54-9A1E7A4F7556}") = "BibliotecaTDD.Domain.Test", "BibliotecaTDD.Domain.Test\BibliotecaTDD.Domain.Test.csproj", "{18B125C4-C5A5-4BD0-B9E7-59130875A9C3}"
EndProject
Project("{9A19103F-16F7-4668-BE54-9A1E7A4F7556}") = "BibliotecaTDD.Domain.Core", "BibliotecaTDD.Domain.Core\BibliotecaTDD.Domain.Core.csproj", "{3C0C2AE4-C030-449B-9989-CB10B3080777}"
EndProject
Project("{2150E333-8FDC-42A3-9474-1A3956D46DE8}") = "2 - Infra", "2 - Infra", "{54C7AE6D-6AA9-4D41-A0DE-50246AE9781F}"
EndProject
Project("{9A19103F-16F7-4668-BE54-9A1E7A4F7556}") = "LivrariaTDD.Infra.Data", "LivrariaTDD.Infra.Data\LivrariaTDD.Infra.Data.csproj", "{D69901C2-435C-4E33-A387-BFF5A306A0A9}"
EndProject
Project("{9A19103F-16F7-4668-BE54-9A1E7A4F7556}") = "BibliotecaTDD.Service", "BibliotecaTDD.Service\BibliotecaTDD.Service.csproj", "{34DC95DB-E707-448E-9FD2-5C29B1F9255C}"
EndProject
Project("{9A19103F-16F7-4668-BE54-9A1E7A4F7556}") = "BibliotecaTDD.Service.Test", "BibliotecaTDD.Service.Test\BibliotecaTDD.Service.Test.csproj", "{FBF04A28-6499-42BA-8E85-D984064C41B2}"
EndProject
Project("{2150E333-8FDC-42A3-9474-1A3956D46DE8}") = "Exemplos", "Exemplos", "{235222B5-8B50-46E7-BC0C-6482116A5214}"
EndProject
Project("{2150E333-8FDC-42A3-9474-1A3956D46DE8}") = "TDD", "TDD", "{AABC4B38-B711-4822-951C-BA52B31930FA}"
EndProject
Project("{2150E333-8FDC-42A3-9474-1A3956D46DE8}") = "Mock", "Mock", "{858E8794-C464-4974-8584-DDDCCB784ED9}"
EndProject
Project("{FAE04EC0-301F-11D3-BF4B-00C04F79EFBC}") = "TDD.Test", "TDD.Test\TDD.Test.csproj", "{E6931943-5DC4-4586-97FD-93115D7F945E}"
EndProject
Project("{FAE04EC0-301F-11D3-BF4B-00C04F79EFBC}") = "TDD.Exemplo", "TDD.Exemplo\TDD.Exemplo.csproj", "{C498E4E4-670A-4501-9D7C-74B181601FED}"
EndProject
Project("{FAE04EC0-301F-11D3-BF4B-00C04F79EFBC}") = "Mock.Exemplo", "Mock.Exemplo\Mock.Exemplo.csproj", "{1E66E08C-F552-4BDC-9366-445459B9B883}"
EndProject
Project("{FAE04EC0-301F-11D3-BF4B-00C04F79EFBC}") = "Mock.Test", "Mock.Test\Mock.Test.csproj", "{E5A63A53-96A5-4CE0-B4E1-F0993331675C}"
EndProject
Global
	GlobalSection(SolutionConfigurationPlatforms) = preSolution
		Debug|Any CPU = Debug|Any CPU
		Release|Any CPU = Release|Any CPU
	EndGlobalSection
	GlobalSection(ProjectConfigurationPlatforms) = postSolution
		{CECF9AAF-45C9-4E93-8689-8E3C1E661012}.Debug|Any CPU.ActiveCfg = Debug|Any CPU
		{CECF9AAF-45C9-4E93-8689-8E3C1E661012}.Debug|Any CPU.Build.0 = Debug|Any CPU
		{CECF9AAF-45C9-4E93-8689-8E3C1E661012}.Release|Any CPU.ActiveCfg = Release|Any CPU
		{CECF9AAF-45C9-4E93-8689-8E3C1E661012}.Release|Any CPU.Build.0 = Release|Any CPU
		{18B125C4-C5A5-4BD0-B9E7-59130875A9C3}.Debug|Any CPU.ActiveCfg = Debug|Any CPU
		{18B125C4-C5A5-4BD0-B9E7-59130875A9C3}.Debug|Any CPU.Build.0 = Debug|Any CPU
		{18B125C4-C5A5-4BD0-B9E7-59130875A9C3}.Release|Any CPU.ActiveCfg = Release|Any CPU
		{18B125C4-C5A5-4BD0-B9E7-59130875A9C3}.Release|Any CPU.Build.0 = Release|Any CPU
		{3C0C2AE4-C030-449B-9989-CB10B3080777}.Debug|Any CPU.ActiveCfg = Debug|Any CPU
		{3C0C2AE4-C030-449B-9989-CB10B3080777}.Debug|Any CPU.Build.0 = Debug|Any CPU
		{3C0C2AE4-C030-449B-9989-CB10B3080777}.Release|Any CPU.ActiveCfg = Release|Any CPU
		{3C0C2AE4-C030-449B-9989-CB10B3080777}.Release|Any CPU.Build.0 = Release|Any CPU
		{D69901C2-435C-4E33-A387-BFF5A306A0A9}.Debug|Any CPU.ActiveCfg = Debug|Any CPU
		{D69901C2-435C-4E33-A387-BFF5A306A0A9}.Debug|Any CPU.Build.0 = Debug|Any CPU
		{D69901C2-435C-4E33-A387-BFF5A306A0A9}.Release|Any CPU.ActiveCfg = Release|Any CPU
		{D69901C2-435C-4E33-A387-BFF5A306A0A9}.Release|Any CPU.Build.0 = Release|Any CPU
		{34DC95DB-E707-448E-9FD2-5C29B1F9255C}.Debug|Any CPU.ActiveCfg = Debug|Any CPU
		{34DC95DB-E707-448E-9FD2-5C29B1F9255C}.Debug|Any CPU.Build.0 = Debug|Any CPU
		{34DC95DB-E707-448E-9FD2-5C29B1F9255C}.Release|Any CPU.ActiveCfg = Release|Any CPU
		{34DC95DB-E707-448E-9FD2-5C29B1F9255C}.Release|Any CPU.Build.0 = Release|Any CPU
		{FBF04A28-6499-42BA-8E85-D984064C41B2}.Debug|Any CPU.ActiveCfg = Debug|Any CPU
		{FBF04A28-6499-42BA-8E85-D984064C41B2}.Debug|Any CPU.Build.0 = Debug|Any CPU
		{FBF04A28-6499-42BA-8E85-D984064C41B2}.Release|Any CPU.ActiveCfg = Release|Any CPU
		{FBF04A28-6499-42BA-8E85-D984064C41B2}.Release|Any CPU.Build.0 = Release|Any CPU
		{E6931943-5DC4-4586-97FD-93115D7F945E}.Debug|Any CPU.ActiveCfg = Debug|Any CPU
		{E6931943-5DC4-4586-97FD-93115D7F945E}.Debug|Any CPU.Build.0 = Debug|Any CPU
		{E6931943-5DC4-4586-97FD-93115D7F945E}.Release|Any CPU.ActiveCfg = Release|Any CPU
		{E6931943-5DC4-4586-97FD-93115D7F945E}.Release|Any CPU.Build.0 = Release|Any CPU
		{C498E4E4-670A-4501-9D7C-74B181601FED}.Debug|Any CPU.ActiveCfg = Debug|Any CPU
		{C498E4E4-670A-4501-9D7C-74B181601FED}.Debug|Any CPU.Build.0 = Debug|Any CPU
		{C498E4E4-670A-4501-9D7C-74B181601FED}.Release|Any CPU.ActiveCfg = Release|Any CPU
		{C498E4E4-670A-4501-9D7C-74B181601FED}.Release|Any CPU.Build.0 = Release|Any CPU
		{1E66E08C-F552-4BDC-9366-445459B9B883}.Debug|Any CPU.ActiveCfg = Debug|Any CPU
		{1E66E08C-F552-4BDC-9366-445459B9B883}.Debug|Any CPU.Build.0 = Debug|Any CPU
		{1E66E08C-F552-4BDC-9366-445459B9B883}.Release|Any CPU.ActiveCfg = Release|Any CPU
		{1E66E08C-F552-4BDC-9366-445459B9B883}.Release|Any CPU.Build.0 = Release|Any CPU
		{E5A63A53-96A5-4CE0-B4E1-F0993331675C}.Debug|Any CPU.ActiveCfg = Debug|Any CPU
		{E5A63A53-96A5-4CE0-B4E1-F0993331675C}.Debug|Any CPU.Build.0 = Debug|Any CPU
		{E5A63A53-96A5-4CE0-B4E1-F0993331675C}.Release|Any CPU.ActiveCfg = Release|Any CPU
		{E5A63A53-96A5-4CE0-B4E1-F0993331675C}.Release|Any CPU.Build.0 = Release|Any CPU
	EndGlobalSection
	GlobalSection(SolutionProperties) = preSolution
		HideSolutionNode = FALSE
	EndGlobalSection
	GlobalSection(NestedProjects) = preSolution
		{CECF9AAF-45C9-4E93-8689-8E3C1E661012} = {BF5E14F5-CB86-4B15-831C-EC58F232DC58}
		{18B125C4-C5A5-4BD0-B9E7-59130875A9C3} = {BF5E14F5-CB86-4B15-831C-EC58F232DC58}
		{3C0C2AE4-C030-449B-9989-CB10B3080777} = {BF5E14F5-CB86-4B15-831C-EC58F232DC58}
		{D69901C2-435C-4E33-A387-BFF5A306A0A9} = {54C7AE6D-6AA9-4D41-A0DE-50246AE9781F}
		{34DC95DB-E707-448E-9FD2-5C29B1F9255C} = {623605F3-ED24-45FD-8BB8-4C33415140C0}
		{FBF04A28-6499-42BA-8E85-D984064C41B2} = {623605F3-ED24-45FD-8BB8-4C33415140C0}
		{AABC4B38-B711-4822-951C-BA52B31930FA} = {235222B5-8B50-46E7-BC0C-6482116A5214}
		{858E8794-C464-4974-8584-DDDCCB784ED9} = {235222B5-8B50-46E7-BC0C-6482116A5214}
		{E6931943-5DC4-4586-97FD-93115D7F945E} = {AABC4B38-B711-4822-951C-BA52B31930FA}
		{C498E4E4-670A-4501-9D7C-74B181601FED} = {AABC4B38-B711-4822-951C-BA52B31930FA}
		{1E66E08C-F552-4BDC-9366-445459B9B883} = {858E8794-C464-4974-8584-DDDCCB784ED9}
		{E5A63A53-96A5-4CE0-B4E1-F0993331675C} = {858E8794-C464-4974-8584-DDDCCB784ED9}
	EndGlobalSection
	GlobalSection(ExtensibilityGlobals) = postSolution
		SolutionGuid = {DF7F9C73-16B1-4875-8AC0-9BED6A7F06F8}
	EndGlobalSection
EndGlobal
